
Microsoft Visual Studio Solution File, Format Version 12.00
# Visual Studio 15
VisualStudioVersion = 15.0.28010.2050
MinimumVisualStudioVersion = 10.0.40219.1
Project("{FAE04EC0-301F-11D3-BF4B-00C04F79EFBC}") = "HT09_FernandaGuzman_1282317", "HT09_FernandaGuzman_1282317\HT09_FernandaGuzman_1282317.csproj", "{6D056EAB-1E21-4593-B836-A1197D8FB284}"
EndProject
Global
	GlobalSection(SolutionConfigurationPlatforms) = preSolution
		Debug|Any CPU = Debug|Any CPU
		Release|Any CPU = Release|Any CPU
	EndGlobalSection
	GlobalSection(ProjectConfigurationPlatforms) = postSolution
		{6D056EAB-1E21-4593-B836-A1197D8FB284}.Debug|Any CPU.ActiveCfg = Debug|Any CPU
		{6D056EAB-1E21-4593-B836-A1197D8FB284}.Debug|Any CPU.Build.0 = Debug|Any CPU
		{6D056EAB-1E21-4593-B836-A1197D8FB284}.Release|Any CPU.ActiveCfg = Release|Any CPU
		{6D056EAB-1E21-4593-B836-A1197D8FB284}.Release|Any CPU.Build.0 = Release|Any CPU
	EndGlobalSection
	GlobalSection(SolutionProperties) = preSolution
		HideSolutionNode = FALSE
	EndGlobalSection
	GlobalSection(ExtensibilityGlobals) = postSolution
		SolutionGuid = {B6045240-5692-4AC9-B03F-39C8721802B1}
	EndGlobalSection
EndGlobal
